
Microsoft Visual Studio Solution File, Format Version 12.00
# Visual Studio Version 17
VisualStudioVersion = 17.7.34009.444
MinimumVisualStudioVersion = 10.0.40219.1
Project("{9A19103F-16F7-4668-BE54-9A1E7A4F7556}") = "ShareKernel", "..\..\..\Downloads\diplomado\MicroservicioEstadia.netCore\CheckIn\ShareKernel.csproj", "{048752E7-4DAA-4C78-933F-B6D816C0FC1B}"
EndProject
Project("{FAE04EC0-301F-11D3-BF4B-00C04F79EFBC}") = "Domain", "Domain\Domain.csproj", "{19B64A01-6ADB-42E8-994D-B370FD259C3C}"
EndProject
Global
	GlobalSection(SolutionConfigurationPlatforms) = preSolution
		Debug|Any CPU = Debug|Any CPU
		Release|Any CPU = Release|Any CPU
	EndGlobalSection
	GlobalSection(ProjectConfigurationPlatforms) = postSolution
		{048752E7-4DAA-4C78-933F-B6D816C0FC1B}.Debug|Any CPU.ActiveCfg = Debug|Any CPU
		{048752E7-4DAA-4C78-933F-B6D816C0FC1B}.Debug|Any CPU.Build.0 = Debug|Any CPU
		{048752E7-4DAA-4C78-933F-B6D816C0FC1B}.Release|Any CPU.ActiveCfg = Release|Any CPU
		{048752E7-4DAA-4C78-933F-B6D816C0FC1B}.Release|Any CPU.Build.0 = Release|Any CPU
		{19B64A01-6ADB-42E8-994D-B370FD259C3C}.Debug|Any CPU.ActiveCfg = Debug|Any CPU
		{19B64A01-6ADB-42E8-994D-B370FD259C3C}.Debug|Any CPU.Build.0 = Debug|Any CPU
		{19B64A01-6ADB-42E8-994D-B370FD259C3C}.Release|Any CPU.ActiveCfg = Release|Any CPU
		{19B64A01-6ADB-42E8-994D-B370FD259C3C}.Release|Any CPU.Build.0 = Release|Any CPU
	EndGlobalSection
	GlobalSection(SolutionProperties) = preSolution
		HideSolutionNode = FALSE
	EndGlobalSection
	GlobalSection(ExtensibilityGlobals) = postSolution
		SolutionGuid = {4E463B43-75CB-49AB-B649-3D24FDBBB816}
	EndGlobalSection
EndGlobal
